
Microsoft Visual Studio Solution File, Format Version 12.00
# Visual Studio Version 17
VisualStudioVersion = 17.0.32126.317
MinimumVisualStudioVersion = 10.0.40219.1
Project("{FAE04EC0-301F-11D3-BF4B-00C04F79EFBC}") = "PomodoroApp.UWP", "PomodoroApp\PomodoroApp.UWP\PomodoroApp.UWP.csproj", "{386073D9-3B2D-4049-A78C-DD25CD05C47B}"
EndProject
Project("{FAE04EC0-301F-11D3-BF4B-00C04F79EFBC}") = "PomodoroApp.Android", "PomodoroApp\PomodoroApp.Android\PomodoroApp.Android.csproj", "{342FCFB2-D224-4130-840F-97AFC2476508}"
EndProject
Project("{FAE04EC0-301F-11D3-BF4B-00C04F79EFBC}") = "PomodoroApp.iOS", "PomodoroApp\PomodoroApp.iOS\PomodoroApp.iOS.csproj", "{2A386490-CF15-48C1-98BD-D34FFE640020}"
EndProject
Project("{FAE04EC0-301F-11D3-BF4B-00C04F79EFBC}") = "PomodoroApp", "PomodoroApp\PomodoroApp\PomodoroApp.csproj", "{27DDD6DE-2872-46B1-8E09-7A06D3A9D98F}"
EndProject
Global
	GlobalSection(SolutionConfigurationPlatforms) = preSolution
		Debug|Any CPU = Debug|Any CPU
		Debug|ARM = Debug|ARM
		Debug|iPhone = Debug|iPhone
		Debug|iPhoneSimulator = Debug|iPhoneSimulator
		Debug|x64 = Debug|x64
		Debug|x86 = Debug|x86
		Release|Any CPU = Release|Any CPU
		Release|ARM = Release|ARM
		Release|iPhone = Release|iPhone
		Release|iPhoneSimulator = Release|iPhoneSimulator
		Release|x64 = Release|x64
		Release|x86 = Release|x86
	EndGlobalSection
	GlobalSection(ProjectConfigurationPlatforms) = postSolution
		{386073D9-3B2D-4049-A78C-DD25CD05C47B}.Debug|Any CPU.ActiveCfg = Debug|x64
		{386073D9-3B2D-4049-A78C-DD25CD05C47B}.Debug|Any CPU.Build.0 = Debug|x64
		{386073D9-3B2D-4049-A78C-DD25CD05C47B}.Debug|Any CPU.Deploy.0 = Debug|x64
		{386073D9-3B2D-4049-A78C-DD25CD05C47B}.Debug|ARM.ActiveCfg = Debug|ARM
		{386073D9-3B2D-4049-A78C-DD25CD05C47B}.Debug|ARM.Build.0 = Debug|ARM
		{386073D9-3B2D-4049-A78C-DD25CD05C47B}.Debug|ARM.Deploy.0 = Debug|ARM
		{386073D9-3B2D-4049-A78C-DD25CD05C47B}.Debug|iPhone.ActiveCfg = Debug|x64
		{386073D9-3B2D-4049-A78C-DD25CD05C47B}.Debug|iPhone.Build.0 = Debug|x64
		{386073D9-3B2D-4049-A78C-DD25CD05C47B}.Debug|iPhone.Deploy.0 = Debug|x64
		{386073D9-3B2D-4049-A78C-DD25CD05C47B}.Debug|iPhoneSimulator.ActiveCfg = Debug|x64
		{386073D9-3B2D-4049-A78C-DD25CD05C47B}.Debug|iPhoneSimulator.Build.0 = Debug|x64
		{386073D9-3B2D-4049-A78C-DD25CD05C47B}.Debug|iPhoneSimulator.Deploy.0 = Debug|x64
		{386073D9-3B2D-4049-A78C-DD25CD05C47B}.Debug|x64.ActiveCfg = Debug|x64
		{386073D9-3B2D-4049-A78C-DD25CD05C47B}.Debug|x64.Build.0 = Debug|x64
		{386073D9-3B2D-4049-A78C-DD25CD05C47B}.Debug|x64.Deploy.0 = Debug|x64
		{386073D9-3B2D-4049-A78C-DD25CD05C47B}.Debug|x86.ActiveCfg = Debug|x86
		{386073D9-3B2D-4049-A78C-DD25CD05C47B}.Debug|x86.Build.0 = Debug|x86
		{386073D9-3B2D-4049-A78C-DD25CD05C47B}.Debug|x86.Deploy.0 = Debug|x86
		{386073D9-3B2D-4049-A78C-DD25CD05C47B}.Release|Any CPU.ActiveCfg = Release|x64
		{386073D9-3B2D-4049-A78C-DD25CD05C47B}.Release|Any CPU.Build.0 = Release|x64
		{386073D9-3B2D-4049-A78C-DD25CD05C47B}.Release|Any CPU.Deploy.0 = Release|x64
		{386073D9-3B2D-4049-A78C-DD25CD05C47B}.Release|ARM.ActiveCfg = Release|ARM
		{386073D9-3B2D-4049-A78C-DD25CD05C47B}.Release|ARM.Build.0 = Release|ARM
		{386073D9-3B2D-4049-A78C-DD25CD05C47B}.Release|ARM.Deploy.0 = Release|ARM
		{386073D9-3B2D-4049-A78C-DD25CD05C47B}.Release|iPhone.ActiveCfg = Release|x64
		{386073D9-3B2D-4049-A78C-DD25CD05C47B}.Release|iPhone.Build.0 = Release|x64
		{386073D9-3B2D-4049-A78C-DD25CD05C47B}.Release|iPhone.Deploy.0 = Release|x64
		{386073D9-3B2D-4049-A78C-DD25CD05C47B}.Release|iPhoneSimulator.ActiveCfg = Release|x64
		{386073D9-3B2D-4049-A78C-DD25CD05C47B}.Release|iPhoneSimulator.Build.0 = Release|x64
		{386073D9-3B2D-4049-A78C-DD25CD05C47B}.Release|iPhoneSimulator.Deploy.0 = Release|x64
		{386073D9-3B2D-4049-A78C-DD25CD05C47B}.Release|x64.ActiveCfg = Release|x64
		{386073D9-3B2D-4049-A78C-DD25CD05C47B}.Release|x64.Build.0 = Release|x64
		{386073D9-3B2D-4049-A78C-DD25CD05C47B}.Release|x64.Deploy.0 = Release|x64
		{386073D9-3B2D-4049-A78C-DD25CD05C47B}.Release|x86.ActiveCfg = Release|x86
		{386073D9-3B2D-4049-A78C-DD25CD05C47B}.Release|x86.Build.0 = Release|x86
		{386073D9-3B2D-4049-A78C-DD25CD05C47B}.Release|x86.Deploy.0 = Release|x86
		{342FCFB2-D224-4130-840F-97AFC2476508}.Debug|Any CPU.ActiveCfg = Debug|Any CPU
		{342FCFB2-D224-4130-840F-97AFC2476508}.Debug|Any CPU.Build.0 = Debug|Any CPU
		{342FCFB2-D224-4130-840F-97AFC2476508}.Debug|Any CPU.Deploy.0 = Debug|Any CPU
		{342FCFB2-D224-4130-840F-97AFC2476508}.Debug|ARM.ActiveCfg = Debug|Any CPU
		{342FCFB2-D224-4130-840F-97AFC2476508}.Debug|ARM.Build.0 = Debug|Any CPU
		{342FCFB2-D224-4130-840F-97AFC2476508}.Debug|ARM.Deploy.0 = Debug|Any CPU
		{342FCFB2-D224-4130-840F-97AFC2476508}.Debug|iPhone.ActiveCfg = Debug|Any CPU
		{342FCFB2-D224-4130-840F-97AFC2476508}.Debug|iPhone.Build.0 = Debug|Any CPU
		{342FCFB2-D224-4130-840F-97AFC2476508}.Debug|iPhone.Deploy.0 = Debug|Any CPU
		{342FCFB2-D224-4130-840F-97AFC2476508}.Debug|iPhoneSimulator.ActiveCfg = Debug|Any CPU
		{342FCFB2-D224-4130-840F-97AFC2476508}.Debug|iPhoneSimulator.Build.0 = Debug|Any CPU
		{342FCFB2-D224-4130-840F-97AFC2476508}.Debug|iPhoneSimulator.Deploy.0 = Debug|Any CPU
		{342FCFB2-D224-4130-840F-97AFC2476508}.Debug|x64.ActiveCfg = Debug|Any CPU
		{342FCFB2-D224-4130-840F-97AFC2476508}.Debug|x64.Build.0 = Debug|Any CPU
		{342FCFB2-D224-4130-840F-97AFC2476508}.Debug|x64.Deploy.0 = Debug|Any CPU
		{342FCFB2-D224-4130-840F-97AFC2476508}.Debug|x86.ActiveCfg = Debug|Any CPU
		{342FCFB2-D224-4130-840F-97AFC2476508}.Debug|x86.Build.0 = Debug|Any CPU
		{342FCFB2-D224-4130-840F-97AFC2476508}.Debug|x86.Deploy.0 = Debug|Any CPU
		{342FCFB2-D224-4130-840F-97AFC2476508}.Release|Any CPU.ActiveCfg = Release|Any CPU
		{342FCFB2-D224-4130-840F-97AFC2476508}.Release|Any CPU.Build.0 = Release|Any CPU
		{342FCFB2-D224-4130-840F-97AFC2476508}.Release|Any CPU.Deploy.0 = Release|Any CPU
		{342FCFB2-D224-4130-840F-97AFC2476508}.Release|ARM.ActiveCfg = Release|Any CPU
		{342FCFB2-D224-4130-840F-97AFC2476508}.Release|ARM.Build.0 = Release|Any CPU
		{342FCFB2-D224-4130-840F-97AFC2476508}.Release|ARM.Deploy.0 = Release|Any CPU
		{342FCFB2-D224-4130-840F-97AFC2476508}.Release|iPhone.ActiveCfg = Release|Any CPU
		{342FCFB2-D224-4130-840F-97AFC2476508}.Release|iPhone.Build.0 = Release|Any CPU
		{342FCFB2-D224-4130-840F-97AFC2476508}.Release|iPhone.Deploy.0 = Release|Any CPU
		{342FCFB2-D224-4130-840F-97AFC2476508}.Release|iPhoneSimulator.ActiveCfg = Release|Any CPU
		{342FCFB2-D224-4130-840F-97AFC2476508}.Release|iPhoneSimulator.Build.0 = Release|Any CPU
		{342FCFB2-D224-4130-840F-97AFC2476508}.Release|iPhoneSimulator.Deploy.0 = Release|Any CPU
		{342FCFB2-D224-4130-840F-97AFC2476508}.Release|x64.ActiveCfg = Release|Any CPU
		{342FCFB2-D224-4130-840F-97AFC2476508}.Release|x64.Build.0 = Release|Any CPU
		{342FCFB2-D224-4130-840F-97AFC2476508}.Release|x64.Deploy.0 = Release|Any CPU
		{342FCFB2-D224-4130-840F-97AFC2476508}.Release|x86.ActiveCfg = Release|Any CPU
		{342FCFB2-D224-4130-840F-97AFC2476508}.Release|x86.Build.0 = Release|Any CPU
		{342FCFB2-D224-4130-840F-97AFC2476508}.Release|x86.Deploy.0 = Release|Any CPU
		{2A386490-CF15-48C1-98BD-D34FFE640020}.Debug|Any CPU.ActiveCfg = Debug|iPhoneSimulator
		{2A386490-CF15-48C1-98BD-D34FFE640020}.Debug|Any CPU.Build.0 = Debug|iPhoneSimulator
		{2A386490-CF15-48C1-98BD-D34FFE640020}.Debug|Any CPU.Deploy.0 = Debug|iPhoneSimulator
		{2A386490-CF15-48C1-98BD-D34FFE640020}.Debug|ARM.ActiveCfg = Debug|iPhoneSimulator
		{2A386490-CF15-48C1-98BD-D34FFE640020}.Debug|ARM.Build.0 = Debug|iPhoneSimulator
		{2A386490-CF15-48C1-98BD-D34FFE640020}.Debug|ARM.Deploy.0 = Debug|iPhoneSimulator
		{2A386490-CF15-48C1-98BD-D34FFE640020}.Debug|iPhone.ActiveCfg = Debug|iPhone
		{2A386490-CF15-48C1-98BD-D34FFE640020}.Debug|iPhone.Build.0 = Debug|iPhone
		{2A386490-CF15-48C1-98BD-D34FFE640020}.Debug|iPhone.Deploy.0 = Debug|iPhone
		{2A386490-CF15-48C1-98BD-D34FFE640020}.Debug|iPhoneSimulator.ActiveCfg = Debug|iPhoneSimulator
		{2A386490-CF15-48C1-98BD-D34FFE640020}.Debug|iPhoneSimulator.Build.0 = Debug|iPhoneSimulator
		{2A386490-CF15-48C1-98BD-D34FFE640020}.Debug|iPhoneSimulator.Deploy.0 = Debug|iPhoneSimulator
		{2A386490-CF15-48C1-98BD-D34FFE640020}.Debug|x64.ActiveCfg = Debug|iPhone
		{2A386490-CF15-48C1-98BD-D34FFE640020}.Debug|x64.Build.0 = Debug|iPhone
		{2A386490-CF15-48C1-98BD-D34FFE640020}.Debug|x64.Deploy.0 = Debug|iPhone
		{2A386490-CF15-48C1-98BD-D34FFE640020}.Debug|x86.ActiveCfg = Debug|iPhoneSimulator
		{2A386490-CF15-48C1-98BD-D34FFE640020}.Debug|x86.Build.0 = Debug|iPhoneSimulator
		{2A386490-CF15-48C1-98BD-D34FFE640020}.Debug|x86.Deploy.0 = Debug|iPhoneSimulator
		{2A386490-CF15-48C1-98BD-D34FFE640020}.Release|Any CPU.ActiveCfg = Release|iPhoneSimulator
		{2A386490-CF15-48C1-98BD-D34FFE640020}.Release|Any CPU.Build.0 = Release|iPhoneSimulator
		{2A386490-CF15-48C1-98BD-D34FFE640020}.Release|Any CPU.Deploy.0 = Release|iPhoneSimulator
		{2A386490-CF15-48C1-98BD-D34FFE640020}.Release|ARM.ActiveCfg = Release|iPhoneSimulator
		{2A386490-CF15-48C1-98BD-D34FFE640020}.Release|ARM.Build.0 = Release|iPhoneSimulator
		{2A386490-CF15-48C1-98BD-D34FFE640020}.Release|ARM.Deploy.0 = Release|iPhoneSimulator
		{2A386490-CF15-48C1-98BD-D34FFE640020}.Release|iPhone.ActiveCfg = Release|iPhone
		{2A386490-CF15-48C1-98BD-D34FFE640020}.Release|iPhone.Build.0 = Release|iPhone
		{2A386490-CF15-48C1-98BD-D34FFE640020}.Release|iPhone.Deploy.0 = Release|iPhone
		{2A386490-CF15-48C1-98BD-D34FFE640020}.Release|iPhoneSimulator.ActiveCfg = Release|iPhoneSimulator
		{2A386490-CF15-48C1-98BD-D34FFE640020}.Release|iPhoneSimulator.Build.0 = Release|iPhoneSimulator
		{2A386490-CF15-48C1-98BD-D34FFE640020}.Release|iPhoneSimulator.Deploy.0 = Release|iPhoneSimulator
		{2A386490-CF15-48C1-98BD-D34FFE640020}.Release|x64.ActiveCfg = Release|iPhoneSimulator
		{2A386490-CF15-48C1-98BD-D34FFE640020}.Release|x64.Build.0 = Release|iPhoneSimulator
		{2A386490-CF15-48C1-98BD-D34FFE640020}.Release|x64.Deploy.0 = Release|iPhoneSimulator
		{2A386490-CF15-48C1-98BD-D34FFE640020}.Release|x86.ActiveCfg = Release|iPhoneSimulator
		{2A386490-CF15-48C1-98BD-D34FFE640020}.Release|x86.Build.0 = Release|iPhoneSimulator
		{2A386490-CF15-48C1-98BD-D34FFE640020}.Release|x86.Deploy.0 = Release|iPhoneSimulator
		{27DDD6DE-2872-46B1-8E09-7A06D3A9D98F}.Debug|Any CPU.ActiveCfg = Debug|Any CPU
		{27DDD6DE-2872-46B1-8E09-7A06D3A9D98F}.Debug|Any CPU.Build.0 = Debug|Any CPU
		{27DDD6DE-2872-46B1-8E09-7A06D3A9D98F}.Debug|Any CPU.Deploy.0 = Debug|Any CPU
		{27DDD6DE-2872-46B1-8E09-7A06D3A9D98F}.Debug|ARM.ActiveCfg = Debug|Any CPU
		{27DDD6DE-2872-46B1-8E09-7A06D3A9D98F}.Debug|ARM.Build.0 = Debug|Any CPU
		{27DDD6DE-2872-46B1-8E09-7A06D3A9D98F}.Debug|ARM.Deploy.0 = Debug|Any CPU
		{27DDD6DE-2872-46B1-8E09-7A06D3A9D98F}.Debug|iPhone.ActiveCfg = Debug|Any CPU
		{27DDD6DE-2872-46B1-8E09-7A06D3A9D98F}.Debug|iPhone.Build.0 = Debug|Any CPU
		{27DDD6DE-2872-46B1-8E09-7A06D3A9D98F}.Debug|iPhone.Deploy.0 = Debug|Any CPU
		{27DDD6DE-2872-46B1-8E09-7A06D3A9D98F}.Debug|iPhoneSimulator.ActiveCfg = Debug|Any CPU
		{27DDD6DE-2872-46B1-8E09-7A06D3A9D98F}.Debug|iPhoneSimulator.Build.0 = Debug|Any CPU
		{27DDD6DE-2872-46B1-8E09-7A06D3A9D98F}.Debug|iPhoneSimulator.Deploy.0 = Debug|Any CPU
		{27DDD6DE-2872-46B1-8E09-7A06D3A9D98F}.Debug|x64.ActiveCfg = Debug|Any CPU
		{27DDD6DE-2872-46B1-8E09-7A06D3A9D98F}.Debug|x64.Build.0 = Debug|Any CPU
		{27DDD6DE-2872-46B1-8E09-7A06D3A9D98F}.Debug|x64.Deploy.0 = Debug|Any CPU
		{27DDD6DE-2872-46B1-8E09-7A06D3A9D98F}.Debug|x86.ActiveCfg = Debug|Any CPU
		{27DDD6DE-2872-46B1-8E09-7A06D3A9D98F}.Debug|x86.Build.0 = Debug|Any CPU
		{27DDD6DE-2872-46B1-8E09-7A06D3A9D98F}.Debug|x86.Deploy.0 = Debug|Any CPU
		{27DDD6DE-2872-46B1-8E09-7A06D3A9D98F}.Release|Any CPU.ActiveCfg = Release|Any CPU
		{27DDD6DE-2872-46B1-8E09-7A06D3A9D98F}.Release|Any CPU.Build.0 = Release|Any CPU
		{27DDD6DE-2872-46B1-8E09-7A06D3A9D98F}.Release|Any CPU.Deploy.0 = Release|Any CPU
		{27DDD6DE-2872-46B1-8E09-7A06D3A9D98F}.Release|ARM.ActiveCfg = Release|Any CPU
		{27DDD6DE-2872-46B1-8E09-7A06D3A9D98F}.Release|ARM.Build.0 = Release|Any CPU
		{27DDD6DE-2872-46B1-8E09-7A06D3A9D98F}.Release|ARM.Deploy.0 = Release|Any CPU
		{27DDD6DE-2872-46B1-8E09-7A06D3A9D98F}.Release|iPhone.ActiveCfg = Release|Any CPU
		{27DDD6DE-2872-46B1-8E09-7A06D3A9D98F}.Release|iPhone.Build.0 = Release|Any CPU
		{27DDD6DE-2872-46B1-8E09-7A06D3A9D98F}.Release|iPhone.Deploy.0 = Release|Any CPU
		{27DDD6DE-2872-46B1-8E09-7A06D3A9D98F}.Release|iPhoneSimulator.ActiveCfg = Release|Any CPU
		{27DDD6DE-2872-46B1-8E09-7A06D3A9D98F}.Release|iPhoneSimulator.Build.0 = Release|Any CPU
		{27DDD6DE-2872-46B1-8E09-7A06D3A9D98F}.Release|iPhoneSimulator.Deploy.0 = Release|Any CPU
		{27DDD6DE-2872-46B1-8E09-7A06D3A9D98F}.Release|x64.ActiveCfg = Release|Any CPU
		{27DDD6DE-2872-46B1-8E09-7A06D3A9D98F}.Release|x64.Build.0 = Release|Any CPU
		{27DDD6DE-2872-46B1-8E09-7A06D3A9D98F}.Release|x64.Deploy.0 = Release|Any CPU
		{27DDD6DE-2872-46B1-8E09-7A06D3A9D98F}.Release|x86.ActiveCfg = Release|Any CPU
		{27DDD6DE-2872-46B1-8E09-7A06D3A9D98F}.Release|x86.Build.0 = Release|Any CPU
		{27DDD6DE-2872-46B1-8E09-7A06D3A9D98F}.Release|x86.Deploy.0 = Release|Any CPU
	EndGlobalSection
	GlobalSection(SolutionProperties) = preSolution
		HideSolutionNode = FALSE
	EndGlobalSection
	GlobalSection(ExtensibilityGlobals) = postSolution
		SolutionGuid = {7C1798DE-8AE2-4E46-90FC-2F0D833F17A2}
	EndGlobalSection
EndGlobal
